<?xml version="1.0" encoding="utf-8"?>
<Project ToolsVersion="4.0" xmlns="http://schemas.microsoft.com/developer/msbuild/2003">
  <ItemGroup>
    <Filter Include="소스 파일">
      <UniqueIdentifier>{4FC737F1-C7A5-4376-A066-2A32D752A2FF}</UniqueIdentifier>
      <Extensions>cpp;c;cc;cxx;def;odl;idl;hpj;bat;asm;asmx</Extensions>
    </Filter>
    <Filter Include="헤더 파일">
      <UniqueIdentifier>{93995380-89BD-4b04-88EB-625FBE52EBFB}</UniqueIdentifier>
      <Extensions>h;hh;hpp;hxx;hm;inl;inc;ipp;xsd</Extensions>
    </Filter>
    <Filter Include="리소스 파일">
      <UniqueIdentifier>{67DA6AB6-F800-4c08-8B7A-83BB121AAD01}</UniqueIdentifier>
      <Extensions>rc;ico;cur;bmp;dlg;rc2;rct;bin;rgs;gif;jpg;jpeg;jpe;resx;tiff;tif;png;wav;mfcribbon-ms</Extensions>
    </Filter>
    <Filter Include="2DGameFramework">
      <UniqueIdentifier>{d4228325-ab86-4575-8d38-59949d73a0ec}</UniqueIdentifier>
    </Filter>
    <Filter Include="playGround">
      <UniqueIdentifier>{84513b37-b08c-49e4-bd15-6f8f6752b18e}</UniqueIdentifier>
    </Filter>
    <Filter Include="2DGameFramework\SingletonBase">
      <UniqueIdentifier>{8785790c-f93f-411d-90ff-bd2e05bd6334}</UniqueIdentifier>
    </Filter>
    <Filter Include="2DGameFramework\Manager">
      <UniqueIdentifier>{ddfb3dc3-ec5a-4752-880c-db14429b78a1}</UniqueIdentifier>
    </Filter>
    <Filter Include="2DGameFramework\image">
      <UniqueIdentifier>{73affc36-76a7-43ee-9dc2-13a65e5a5209}</UniqueIdentifier>
    </Filter>
    <Filter Include="2DGameFramework\Utils">
      <UniqueIdentifier>{dbe4a488-41b4-49cf-8cff-49dbace1d532}</UniqueIdentifier>
    </Filter>
    <Filter Include="2DGameFramework\progressBar">
      <UniqueIdentifier>{9a0b5f25-5b01-4b62-adf0-250e9c46acef}</UniqueIdentifier>
    </Filter>
    <Filter Include="2DGameFramework\txtData">
      <UniqueIdentifier>{b0748259-6cd0-418a-aed2-412f85d75813}</UniqueIdentifier>
    </Filter>
    <Filter Include="2DGameFramework\timer">
      <UniqueIdentifier>{51ba2134-09a6-4e4a-a113-fec61f8f954a}</UniqueIdentifier>
    </Filter>
    <Filter Include="2DGameFramework\animation">
      <UniqueIdentifier>{fb20fc3d-f78c-4396-a07a-e840a861adde}</UniqueIdentifier>
    </Filter>
    <Filter Include="2DGameFramework\effect">
      <UniqueIdentifier>{636d27ed-03a5-48da-b1cf-b7f6dad3d4bf}</UniqueIdentifier>
    </Filter>
    <Filter Include="2DGameFramework\button">
      <UniqueIdentifier>{b7791ec8-fe24-492e-8f07-027666d89aba}</UniqueIdentifier>
    </Filter>
    <Filter Include="2DGameFramework\action">
      <UniqueIdentifier>{936fa078-09d7-4d41-8553-9de447d9f438}</UniqueIdentifier>
    </Filter>
    <Filter Include="playGround\stage">
      <UniqueIdentifier>{a8ab05e7-9736-4193-8df4-54a1826036d5}</UniqueIdentifier>
    </Filter>
    <Filter Include="playGround\player">
      <UniqueIdentifier>{c0bb14e0-6395-41f3-924c-f6c4a72fdc99}</UniqueIdentifier>
    </Filter>
    <Filter Include="playGround\enemy">
      <UniqueIdentifier>{7e4b48db-167a-4d92-8647-5b7ede38663d}</UniqueIdentifier>
    </Filter>
    <Filter Include="playGround\UI">
      <UniqueIdentifier>{0a07f0f6-202b-4ef0-8552-f30f94d250bd}</UniqueIdentifier>
    </Filter>
    <Filter Include="playGround\player\state">
      <UniqueIdentifier>{66bf39bb-d7fc-4f0f-a4db-e1ffc4b5127e}</UniqueIdentifier>
    </Filter>
    <Filter Include="playGround\enemy\-BasicState-">
      <UniqueIdentifier>{b3ab172d-940e-4394-bdd2-0fba5742b064}</UniqueIdentifier>
    </Filter>
    <Filter Include="playGround\enemy\EnemyKind">
      <UniqueIdentifier>{b64f004b-cf58-425f-b7f8-ff1baca0ace8}</UniqueIdentifier>
    </Filter>
    <Filter Include="playGround\enemy\STATE">
      <UniqueIdentifier>{2615d4de-25f5-4f1c-a561-b213e613d597}</UniqueIdentifier>
    </Filter>
    <Filter Include="playGround\enemy\STATE\공용패턴">
      <UniqueIdentifier>{b2eb9049-70b3-4d65-96f4-3ed5d2ad3144}</UniqueIdentifier>
    </Filter>
    <Filter Include="playGround\enemy\STATE\공용패턴\Move">
      <UniqueIdentifier>{9ca084e7-bd47-4421-af12-f0252e00eaca}</UniqueIdentifier>
    </Filter>
    <Filter Include="playGround\enemy\STATE\공용패턴\Idle">
      <UniqueIdentifier>{dc1a93a3-3021-420c-bee5-82c2a8c4b1ff}</UniqueIdentifier>
    </Filter>
    <Filter Include="playGround\enemy\STATE\공용패턴\Guard">
      <UniqueIdentifier>{89832aef-3d14-4e67-8c09-6115594bac2d}</UniqueIdentifier>
    </Filter>
    <Filter Include="playGround\enemy\STATE\공용패턴\Attacked">
      <UniqueIdentifier>{aa8ba777-a28e-4f0b-905f-a5d913ef1799}</UniqueIdentifier>
    </Filter>
    <Filter Include="playGround\enemy\STATE\공용패턴\Attacked\StandUp">
      <UniqueIdentifier>{4cfe8c22-e9f3-4561-93c7-82b0f28d6f82}</UniqueIdentifier>
    </Filter>
    <Filter Include="playGround\enemy\STATE\공용패턴\Attacked\else">
      <UniqueIdentifier>{a3d93d02-1737-4d7e-94a3-770d624a3c16}</UniqueIdentifier>
    </Filter>
    <Filter Include="playGround\enemy\STATE\공용패턴\Attack">
      <UniqueIdentifier>{fb8affbb-a884-4596-8754-b784ca04abfd}</UniqueIdentifier>
    </Filter>
    <Filter Include="playGround\enemy\보스-미스즈">
      <UniqueIdentifier>{6d010685-2565-4e31-b495-9994f9368050}</UniqueIdentifier>
    </Filter>
    <Filter Include="playGround\enemy\보스-미스즈\NormalAttack">
      <UniqueIdentifier>{e586ae0b-dee2-42e0-aee0-86b93cc8afce}</UniqueIdentifier>
    </Filter>
    <Filter Include="playGround\enemy\보스-미스즈\Takkle">
      <UniqueIdentifier>{4763a652-6581-4941-a799-93afb25b0cfa}</UniqueIdentifier>
    </Filter>
    <Filter Include="playGround\enemy\보스-미스즈\JumpAttack">
      <UniqueIdentifier>{f2b12218-ef75-41a1-b085-d1af7f465f73}</UniqueIdentifier>
    </Filter>
    <Filter Include="playGround\enemy\보스-미스즈\OtherPattern">
      <UniqueIdentifier>{72a3a0b5-4e7e-4a36-a94d-0d8322212178}</UniqueIdentifier>
    </Filter>
    <Filter Include="playGround\enemy\보스-미스즈\OtherPattern\Other">
      <UniqueIdentifier>{db2402ec-e7cf-472f-a8ce-8e706b7acb34}</UniqueIdentifier>
    </Filter>
    <Filter Include="playGround\enemy\보스-미스즈\SpecialAttack">
      <UniqueIdentifier>{e04f7bb1-5ca7-4355-a6ff-fa4917042cea}</UniqueIdentifier>
    </Filter>
    <Filter Include="playGround\enemy\보스-미스즈\KnockDown">
      <UniqueIdentifier>{4113b3df-b511-4799-bb66-b123033b825d}</UniqueIdentifier>
    </Filter>
    <Filter Include="playGround\enemy\보스-미스즈\JumpAttack\3.After">
      <UniqueIdentifier>{fa52fa0e-cdfa-4658-b446-6cdb8ef0395a}</UniqueIdentifier>
    </Filter>
    <Filter Include="playGround\enemy\보스-미스즈\JumpAttack\2.Attack">
      <UniqueIdentifier>{8ce4b7e7-780a-40d7-964b-6778dd456729}</UniqueIdentifier>
    </Filter>
    <Filter Include="playGround\enemy\보스-미스즈\JumpAttack\1.Ready">
      <UniqueIdentifier>{9deacf29-e9c1-4193-aac8-e2f373a1437f}</UniqueIdentifier>
    </Filter>
  </ItemGroup>
  <ItemGroup>
    <ClInclude Include="stdafx.h">
      <Filter>헤더 파일</Filter>
    </ClInclude>
    <ClInclude Include="targetver.h">
      <Filter>헤더 파일</Filter>
    </ClInclude>
    <ClInclude Include="Resource.h">
      <Filter>헤더 파일</Filter>
    </ClInclude>
    <ClInclude Include="commonMacroFunction.h">
      <Filter>헤더 파일</Filter>
    </ClInclude>
    <ClInclude Include="gameNode.h">
      <Filter>2DGameFramework</Filter>
    </ClInclude>
    <ClInclude Include="playGround.h">
      <Filter>playGround</Filter>
    </ClInclude>
    <ClInclude Include="singletonBase.h">
      <Filter>2DGameFramework\SingletonBase</Filter>
    </ClInclude>
    <ClInclude Include="randomFunction.h">
      <Filter>헤더 파일</Filter>
    </ClInclude>
    <ClInclude Include="keyManager.h">
      <Filter>2DGameFramework\Manager</Filter>
    </ClInclude>
    <ClInclude Include="image.h">
      <Filter>2DGameFramework\image</Filter>
    </ClInclude>
    <ClInclude Include="utils.h">
      <Filter>2DGameFramework\Utils</Filter>
    </ClInclude>
    <ClInclude Include="imageManager.h">
      <Filter>2DGameFramework\Manager</Filter>
    </ClInclude>
    <ClInclude Include="progressBar.h">
      <Filter>2DGameFramework\progressBar</Filter>
    </ClInclude>
    <ClInclude Include="txtData.h">
      <Filter>2DGameFramework\txtData</Filter>
    </ClInclude>
    <ClInclude Include="timer.h">
      <Filter>2DGameFramework\timer</Filter>
    </ClInclude>
    <ClInclude Include="timeManager.h">
      <Filter>2DGameFramework\Manager</Filter>
    </ClInclude>
    <ClInclude Include="animation.h">
      <Filter>2DGameFramework\animation</Filter>
    </ClInclude>
    <ClInclude Include="effect.h">
      <Filter>2DGameFramework\effect</Filter>
    </ClInclude>
    <ClInclude Include="effectManager.h">
      <Filter>2DGameFramework\Manager</Filter>
    </ClInclude>
    <ClInclude Include="sceneManager.h">
      <Filter>2DGameFramework\Manager</Filter>
    </ClInclude>
    <ClInclude Include="soundManager.h">
      <Filter>2DGameFramework\Manager</Filter>
    </ClInclude>
    <ClInclude Include="button.h">
      <Filter>2DGameFramework\button</Filter>
    </ClInclude>
    <ClInclude Include="action.h">
      <Filter>2DGameFramework\action</Filter>
    </ClInclude>
    <ClInclude Include="keyAniManager.h">
      <Filter>2DGameFramework\Manager</Filter>
    </ClInclude>
    <ClInclude Include="iniDataManager.h">
      <Filter>2DGameFramework\Manager</Filter>
    </ClInclude>
    <ClInclude Include="testScene.h">
      <Filter>playGround\stage</Filter>
    </ClInclude>
    <ClInclude Include="player.h">
      <Filter>playGround\player</Filter>
    </ClInclude>
    <ClInclude Include="renderManager.h">
      <Filter>2DGameFramework\Manager</Filter>
    </ClInclude>
    <ClInclude Include="stageUI.h">
      <Filter>playGround\UI</Filter>
    </ClInclude>
    <ClInclude Include="stage_3rdFloor_Corridor.h">
      <Filter>playGround\stage</Filter>
    </ClInclude>
    <ClInclude Include="stage_Detention.h">
      <Filter>playGround\stage</Filter>
    </ClInclude>
    <ClInclude Include="idleState.h">
      <Filter>playGround\player\state</Filter>
    </ClInclude>
    <ClInclude Include="jumpState.h">
      <Filter>playGround\player\state</Filter>
    </ClInclude>
    <ClInclude Include="runState.h">
      <Filter>playGround\player\state</Filter>
    </ClInclude>
    <ClInclude Include="skillState.h">
      <Filter>playGround\player\state</Filter>
    </ClInclude>
    <ClInclude Include="state.h">
      <Filter>playGround\player\state</Filter>
    </ClInclude>
    <ClInclude Include="comboState.h">
      <Filter>playGround\player\state</Filter>
    </ClInclude>
    <ClInclude Include="strongAttackState.h">
      <Filter>playGround\player\state</Filter>
    </ClInclude>
    <ClInclude Include="walkState.h">
      <Filter>playGround\player\state</Filter>
    </ClInclude>
    <ClInclude Include="enemyManager.h">
      <Filter>playGround\enemy</Filter>
    </ClInclude>
    <ClInclude Include="Enemy_Attack.h">
      <Filter>playGround\enemy\STATE\공용패턴\Attack</Filter>
    </ClInclude>
    <ClInclude Include="Enemy_Attack_2.h">
      <Filter>playGround\enemy\STATE\공용패턴\Attack</Filter>
    </ClInclude>
    <ClInclude Include="Enemy_Attack_3.h">
      <Filter>playGround\enemy\STATE\공용패턴\Attack</Filter>
    </ClInclude>
    <ClInclude Include="Enemy_Basic.h">
      <Filter>playGround\enemy\-BasicState-</Filter>
    </ClInclude>
    <ClInclude Include="Enemy_DashAttack.h">
      <Filter>playGround\enemy\STATE\공용패턴\Attack</Filter>
    </ClInclude>
    <ClInclude Include="Enemy_Ground_Hitted.h">
      <Filter>playGround\enemy\STATE\공용패턴\Attacked</Filter>
    </ClInclude>
    <ClInclude Include="Enemy_Damaged_1.h">
      <Filter>playGround\enemy\STATE\공용패턴\Attacked\StandUp</Filter>
    </ClInclude>
    <ClInclude Include="Enemy_Damaged_2.h">
      <Filter>playGround\enemy\STATE\공용패턴\Attacked\StandUp</Filter>
    </ClInclude>
    <ClInclude Include="Enemy_Damaged_3.h">
      <Filter>playGround\enemy\STATE\공용패턴\Attacked\StandUp</Filter>
    </ClInclude>
    <ClInclude Include="Enemy_Die.h">
      <Filter>playGround\enemy\STATE\공용패턴\Attacked\else</Filter>
    </ClInclude>
    <ClInclude Include="Enemy_Idle.h">
      <Filter>playGround\enemy\STATE\공용패턴\Idle</Filter>
    </ClInclude>
    <ClInclude Include="Enemy_Guard.h">
      <Filter>playGround\enemy\STATE\공용패턴\Guard</Filter>
    </ClInclude>
    <ClInclude Include="Enemy_JumpAttack.h">
      <Filter>playGround\enemy\STATE\공용패턴\Attack</Filter>
    </ClInclude>
    <ClInclude Include="Enemy_knockDown.h">
      <Filter>playGround\enemy\STATE\공용패턴\Attacked\else</Filter>
    </ClInclude>
    <ClInclude Include="Enemy_KnockDown_2.h">
      <Filter>playGround\enemy\STATE\공용패턴\Attacked\else</Filter>
    </ClInclude>
    <ClInclude Include="Enemy_Move.h">
      <Filter>playGround\enemy\STATE\공용패턴\Move</Filter>
    </ClInclude>
    <ClInclude Include="Enemy_Run.h">
      <Filter>playGround\enemy\STATE\공용패턴\Move</Filter>
    </ClInclude>
    <ClInclude Include="Enemy_State.h">
      <Filter>playGround\enemy\-BasicState-</Filter>
    </ClInclude>
    <ClInclude Include="Enemy_Wake_Up.h">
      <Filter>playGround\enemy\STATE\공용패턴\Attacked\else</Filter>
    </ClInclude>
    <ClInclude Include="Enemy_Jump.h">
      <Filter>playGround\enemy\STATE\공용패턴\Idle</Filter>
    </ClInclude>
    <ClInclude Include="Enemy_School_boy.h">
      <Filter>playGround\enemy\EnemyKind</Filter>
    </ClInclude>
    <ClInclude Include="Enemy_School_Girl.h">
      <Filter>playGround\enemy\EnemyKind</Filter>
    </ClInclude>
    <ClInclude Include="Enemy_Misuzu_Boss.h">
      <Filter>playGround\enemy\EnemyKind</Filter>
    </ClInclude>
    <ClInclude Include="Enemy_Attack_1_Boss.h">
      <Filter>playGround\enemy\보스-미스즈\NormalAttack</Filter>
    </ClInclude>
    <ClInclude Include="Enemy_Attack_2_Boss.h">
      <Filter>playGround\enemy\보스-미스즈\NormalAttack</Filter>
    </ClInclude>
    <ClInclude Include="Enemy_Attack_3_Boss.h">
      <Filter>playGround\enemy\보스-미스즈\NormalAttack</Filter>
    </ClInclude>
    <ClInclude Include="Enemy_Dash_Attack_Boss.h">
      <Filter>playGround\enemy\보스-미스즈\Takkle</Filter>
    </ClInclude>
    <ClInclude Include="Enemy_Power_Attack_Boss.h">
      <Filter>playGround\enemy\보스-미스즈\SpecialAttack</Filter>
    </ClInclude>
    <ClInclude Include="Enemy_Idle_Boss.h">
      <Filter>playGround\enemy\보스-미스즈\OtherPattern</Filter>
    </ClInclude>
    <ClInclude Include="Enemy_Move_Boss.h">
      <Filter>playGround\enemy\보스-미스즈</Filter>
    </ClInclude>
    <ClInclude Include="Enemy_Tount_Boss.h">
      <Filter>playGround\enemy\보스-미스즈\OtherPattern\Other</Filter>
    </ClInclude>
    <ClInclude Include="Enemy_Power_Up_Boss.h">
      <Filter>playGround\enemy\보스-미스즈\OtherPattern\Other</Filter>
    </ClInclude>
    <ClInclude Include="Enemy_Knock_Down_2_Boss.h">
      <Filter>playGround\enemy\보스-미스즈\KnockDown</Filter>
    </ClInclude>
    <ClInclude Include="Enemy_Knock_Down_1_Boss.h">
      <Filter>playGround\enemy\보스-미스즈\KnockDown</Filter>
    </ClInclude>
    <ClInclude Include="Enemy_Wake_Up_Attack_Boss.h">
      <Filter>playGround\enemy\보스-미스즈\KnockDown</Filter>
    </ClInclude>
    <ClInclude Include="Enemy_Ground_Hitted_Boss.h">
      <Filter>playGround\enemy\보스-미스즈\KnockDown</Filter>
    </ClInclude>
    <ClInclude Include="Enemy_Jump_Attack_Ready.h">
      <Filter>playGround\enemy\보스-미스즈\JumpAttack\1.Ready</Filter>
    </ClInclude>
    <ClInclude Include="Enemy_Jump_Attack_Boss.h">
      <Filter>playGround\enemy\보스-미스즈\JumpAttack\2.Attack</Filter>
    </ClInclude>
    <ClInclude Include="Enemy_Jump_Attack_not_stun.h">
      <Filter>playGround\enemy\보스-미스즈\JumpAttack\3.After</Filter>
    </ClInclude>
    <ClInclude Include="Enemy_Jump_Attack_stun_Boss.h">
      <Filter>playGround\enemy\보스-미스즈\JumpAttack\3.After</Filter>
    </ClInclude>
  </ItemGroup>
  <ItemGroup>
    <ClCompile Include="stdafx.cpp">
      <Filter>소스 파일</Filter>
    </ClCompile>
    <ClCompile Include="winMain.cpp">
      <Filter>소스 파일</Filter>
    </ClCompile>
    <ClCompile Include="gameNode.cpp">
      <Filter>2DGameFramework</Filter>
    </ClCompile>
    <ClCompile Include="playGround.cpp">
      <Filter>playGround</Filter>
    </ClCompile>
    <ClCompile Include="keyManager.cpp">
      <Filter>2DGameFramework\Manager</Filter>
    </ClCompile>
    <ClCompile Include="image.cpp">
      <Filter>2DGameFramework\image</Filter>
    </ClCompile>
    <ClCompile Include="utils.cpp">
      <Filter>2DGameFramework\Utils</Filter>
    </ClCompile>
    <ClCompile Include="imageManager.cpp">
      <Filter>2DGameFramework\Manager</Filter>
    </ClCompile>
    <ClCompile Include="progressBar.cpp">
      <Filter>2DGameFramework\progressBar</Filter>
    </ClCompile>
    <ClCompile Include="txtData.cpp">
      <Filter>2DGameFramework\txtData</Filter>
    </ClCompile>
    <ClCompile Include="timer.cpp">
      <Filter>2DGameFramework\timer</Filter>
    </ClCompile>
    <ClCompile Include="timeManager.cpp">
      <Filter>2DGameFramework\Manager</Filter>
    </ClCompile>
    <ClCompile Include="animation.cpp">
      <Filter>2DGameFramework\animation</Filter>
    </ClCompile>
    <ClCompile Include="effect.cpp">
      <Filter>2DGameFramework\effect</Filter>
    </ClCompile>
    <ClCompile Include="effectManager.cpp">
      <Filter>2DGameFramework\Manager</Filter>
    </ClCompile>
    <ClCompile Include="sceneManager.cpp">
      <Filter>2DGameFramework\Manager</Filter>
    </ClCompile>
    <ClCompile Include="soundManager.cpp">
      <Filter>2DGameFramework\Manager</Filter>
    </ClCompile>
    <ClCompile Include="button.cpp">
      <Filter>2DGameFramework\button</Filter>
    </ClCompile>
    <ClCompile Include="action.cpp">
      <Filter>2DGameFramework\action</Filter>
    </ClCompile>
    <ClCompile Include="keyAniManager.cpp">
      <Filter>2DGameFramework\Manager</Filter>
    </ClCompile>
    <ClCompile Include="iniDataManager.cpp">
      <Filter>2DGameFramework\Manager</Filter>
    </ClCompile>
    <ClCompile Include="testScene.cpp">
      <Filter>playGround\stage</Filter>
    </ClCompile>
    <ClCompile Include="player.cpp">
      <Filter>playGround\player</Filter>
    </ClCompile>
    <ClCompile Include="renderManager.cpp">
      <Filter>2DGameFramework\Manager</Filter>
    </ClCompile>
    <ClCompile Include="stageUI.cpp">
      <Filter>playGround\UI</Filter>
    </ClCompile>
    <ClCompile Include="stage_3rdFloor_Corridor.cpp">
      <Filter>playGround\stage</Filter>
    </ClCompile>
    <ClCompile Include="stage_Detention.cpp">
      <Filter>playGround\stage</Filter>
    </ClCompile>
    <ClCompile Include="jumpState.cpp">
      <Filter>playGround\player\state</Filter>
    </ClCompile>
    <ClCompile Include="runState.cpp">
      <Filter>playGround\player\state</Filter>
    </ClCompile>
    <ClCompile Include="skillState.cpp">
      <Filter>playGround\player\state</Filter>
    </ClCompile>
    <ClCompile Include="state.cpp">
      <Filter>playGround\player\state</Filter>
    </ClCompile>
    <ClCompile Include="comboState.cpp">
      <Filter>playGround\player\state</Filter>
    </ClCompile>
    <ClCompile Include="idleState.cpp">
      <Filter>playGround\player\state</Filter>
    </ClCompile>
    <ClCompile Include="walkState.cpp">
      <Filter>playGround\player\state</Filter>
    </ClCompile>
    <ClCompile Include="strongAttackState.cpp">
      <Filter>playGround\player\state</Filter>
    </ClCompile>
    <ClCompile Include="enemyManager.cpp">
      <Filter>playGround\enemy</Filter>
    </ClCompile>
    <ClCompile Include="Enemy_Attack.cpp">
      <Filter>playGround\enemy\STATE\공용패턴\Attack</Filter>
    </ClCompile>
    <ClCompile Include="Enemy_Attack_2.cpp">
      <Filter>playGround\enemy\STATE\공용패턴\Attack</Filter>
    </ClCompile>
    <ClCompile Include="Enemy_Attack_3.cpp">
      <Filter>playGround\enemy\STATE\공용패턴\Attack</Filter>
    </ClCompile>
    <ClCompile Include="Enemy_Basic.cpp">
      <Filter>playGround\enemy\-BasicState-</Filter>
    </ClCompile>
    <ClCompile Include="Enemy_DashAttack.cpp">
      <Filter>playGround\enemy\STATE\공용패턴\Attack</Filter>
    </ClCompile>
    <ClCompile Include="Enemy_Ground_Hitted.cpp">
      <Filter>playGround\enemy\STATE\공용패턴\Attacked</Filter>
    </ClCompile>
    <ClCompile Include="Enemy_Damaged_1.cpp">
      <Filter>playGround\enemy\STATE\공용패턴\Attacked\StandUp</Filter>
    </ClCompile>
    <ClCompile Include="Enemy_Damaged_2.cpp">
      <Filter>playGround\enemy\STATE\공용패턴\Attacked\StandUp</Filter>
    </ClCompile>
    <ClCompile Include="Enemy_Damaged_3.cpp">
      <Filter>playGround\enemy\STATE\공용패턴\Attacked\StandUp</Filter>
    </ClCompile>
    <ClCompile Include="Enemy_Die.cpp">
      <Filter>playGround\enemy\STATE\공용패턴\Attacked\else</Filter>
    </ClCompile>
    <ClCompile Include="Enemy_Idle.cpp">
      <Filter>playGround\enemy\STATE\공용패턴\Idle</Filter>
    </ClCompile>
    <ClCompile Include="Enemy_Guard.cpp">
      <Filter>playGround\enemy\STATE\공용패턴\Guard</Filter>
    </ClCompile>
    <ClCompile Include="Enemy_JumpAttack.cpp">
      <Filter>playGround\enemy\STATE\공용패턴\Attack</Filter>
    </ClCompile>
    <ClCompile Include="Enemy_knockDown.cpp">
      <Filter>playGround\enemy\STATE\공용패턴\Attacked\else</Filter>
    </ClCompile>
    <ClCompile Include="Enemy_KnockDown_2.cpp">
      <Filter>playGround\enemy\STATE\공용패턴\Attacked\else</Filter>
    </ClCompile>
    <ClCompile Include="Enemy_Move.cpp">
      <Filter>playGround\enemy\STATE\공용패턴\Move</Filter>
    </ClCompile>
    <ClCompile Include="Enemy_Run.cpp">
      <Filter>playGround\enemy\STATE\공용패턴\Move</Filter>
    </ClCompile>
    <ClCompile Include="Enemy_State.cpp">
      <Filter>playGround\enemy\-BasicState-</Filter>
    </ClCompile>
    <ClCompile Include="Enemy_Wake_Up.cpp">
      <Filter>playGround\enemy\STATE\공용패턴\Attacked\else</Filter>
    </ClCompile>
    <ClCompile Include="Enemy_Jump.cpp">
      <Filter>playGround\enemy\STATE\공용패턴\Idle</Filter>
    </ClCompile>
    <ClCompile Include="Enemy_School_Girl.cpp">
      <Filter>playGround\enemy\EnemyKind</Filter>
    </ClCompile>
    <ClCompile Include="Enemy_School_boy.cpp">
      <Filter>playGround\enemy\EnemyKind</Filter>
    </ClCompile>
    <ClCompile Include="Enemy_Misuzu_Boss.cpp">
      <Filter>playGround\enemy\EnemyKind</Filter>
    </ClCompile>
    <ClCompile Include="Enemy_Attack_1_Boss.cpp">
      <Filter>playGround\enemy\보스-미스즈\NormalAttack</Filter>
    </ClCompile>
    <ClCompile Include="Enemy_Attack_2_Boss.cpp">
      <Filter>playGround\enemy\보스-미스즈\NormalAttack</Filter>
    </ClCompile>
    <ClCompile Include="Enemy_Attack_3_Boss.cpp">
      <Filter>playGround\enemy\보스-미스즈\NormalAttack</Filter>
    </ClCompile>
    <ClCompile Include="Enemy_Dash_Attack_Boss.cpp">
      <Filter>playGround\enemy\보스-미스즈\Takkle</Filter>
    </ClCompile>
    <ClCompile Include="Enemy_Power_Attack_Boss.cpp">
      <Filter>playGround\enemy\보스-미스즈\SpecialAttack</Filter>
    </ClCompile>
    <ClCompile Include="Enemy_Idle_Boss.cpp">
      <Filter>playGround\enemy\보스-미스즈\OtherPattern</Filter>
    </ClCompile>
    <ClCompile Include="Enemy_Move_Boss.cpp">
      <Filter>playGround\enemy\보스-미스즈</Filter>
    </ClCompile>
    <ClCompile Include="Enemy_Tount_Boss.cpp">
      <Filter>playGround\enemy\보스-미스즈\OtherPattern\Other</Filter>
    </ClCompile>
    <ClCompile Include="Enemy_Power_Up_Boss.cpp">
      <Filter>playGround\enemy\보스-미스즈\OtherPattern\Other</Filter>
    </ClCompile>
    <ClCompile Include="Enemy_Knock_Down_2_Boss.cpp">
      <Filter>playGround\enemy\보스-미스즈\KnockDown</Filter>
    </ClCompile>
    <ClCompile Include="Enemy_Knock_Down_1_Boss.cpp">
      <Filter>playGround\enemy\보스-미스즈\KnockDown</Filter>
    </ClCompile>
    <ClCompile Include="Enemy_Wake_Up_Attack_Boss.cpp">
      <Filter>playGround\enemy\보스-미스즈\KnockDown</Filter>
    </ClCompile>
    <ClCompile Include="Enemy_Ground_Hitted_Boss.cpp">
      <Filter>playGround\enemy\보스-미스즈\KnockDown</Filter>
    </ClCompile>
    <ClCompile Include="Enemy_Jump_Attack_Ready.cpp">
      <Filter>playGround\enemy\보스-미스즈\JumpAttack\1.Ready</Filter>
    </ClCompile>
    <ClCompile Include="Enemy_Jump_Attack_Boss.cpp">
      <Filter>playGround\enemy\보스-미스즈\JumpAttack\2.Attack</Filter>
    </ClCompile>
    <ClCompile Include="Enemy_Jump_Attack_not_stun.cpp">
      <Filter>playGround\enemy\보스-미스즈\JumpAttack\3.After</Filter>
    </ClCompile>
    <ClCompile Include="Enemy_Jump_Attack_stun_Boss.cpp">
      <Filter>playGround\enemy\보스-미스즈\JumpAttack\3.After</Filter>
    </ClCompile>
  </ItemGroup>
  <ItemGroup>
    <ResourceCompile Include="windowAPI.rc">
      <Filter>리소스 파일</Filter>
    </ResourceCompile>
  </ItemGroup>
  <ItemGroup>
    <Image Include="small.ico">
      <Filter>리소스 파일</Filter>
    </Image>
    <Image Include="windowAPI.ico">
      <Filter>리소스 파일</Filter>
    </Image>
  </ItemGroup>
</Project>